
Microsoft Visual Studio Solution File, Format Version 12.00
# Visual Studio Express 2012 for Windows Desktop
Project("{FAE04EC0-301F-11D3-BF4B-00C04F79EFBC}") = "Network-Bridge", "Network-Bridge\Network-Bridge.csproj", "{58B62358-7C9B-4AB9-9A02-62C85581BF6C}"
EndProject
Global
	GlobalSection(SolutionConfigurationPlatforms) = preSolution
		Debug|Any CPU = Debug|Any CPU
		Release|Any CPU = Release|Any CPU
	EndGlobalSection
	GlobalSection(ProjectConfigurationPlatforms) = postSolution
		{58B62358-7C9B-4AB9-9A02-62C85581BF6C}.Debug|Any CPU.ActiveCfg = Debug|Any CPU
		{58B62358-7C9B-4AB9-9A02-62C85581BF6C}.Debug|Any CPU.Build.0 = Debug|Any CPU
		{58B62358-7C9B-4AB9-9A02-62C85581BF6C}.Release|Any CPU.ActiveCfg = Release|Any CPU
		{58B62358-7C9B-4AB9-9A02-62C85581BF6C}.Release|Any CPU.Build.0 = Release|Any CPU
	EndGlobalSection
	GlobalSection(SolutionProperties) = preSolution
		HideSolutionNode = FALSE
	EndGlobalSection
EndGlobal
